
Microsoft Visual Studio Solution File, Format Version 12.00
# Visual Studio 15
Project("{FAE04EC0-301F-11D3-BF4B-00C04F79EFBC}") = "TestMyMvvm.Android", "TestMyMvvm.Android\TestMyMvvm.Android.csproj", "{CEDD0A26-5FFF-4CE5-A859-76616C4E3831}"
EndProject
Project("{FAE04EC0-301F-11D3-BF4B-00C04F79EFBC}") = "TestMyMvvm.iOS", "TestMyMvvm.iOS\TestMyMvvm.iOS.csproj", "{1FE100A6-D8D3-4803-9FF9-8B1AAA569732}"
EndProject
Project("{FAE04EC0-301F-11D3-BF4B-00C04F79EFBC}") = "TestMyMvvm", "TestMyMvvm\TestMyMvvm.csproj", "{BD1A5971-ABBA-46F0-B504-F76E1F5AAB9A}"
EndProject
Global
	GlobalSection(SolutionConfigurationPlatforms) = preSolution
		Debug|Any CPU = Debug|Any CPU
		Release|Any CPU = Release|Any CPU
		Debug|iPhoneSimulator = Debug|iPhoneSimulator
		Release|iPhoneSimulator = Release|iPhoneSimulator
		Debug|iPhone = Debug|iPhone
		Release|iPhone = Release|iPhone
	EndGlobalSection
	GlobalSection(ProjectConfigurationPlatforms) = postSolution
		{CEDD0A26-5FFF-4CE5-A859-76616C4E3831}.Debug|Any CPU.ActiveCfg = Debug|Any CPU
		{CEDD0A26-5FFF-4CE5-A859-76616C4E3831}.Debug|Any CPU.Build.0 = Debug|Any CPU
		{CEDD0A26-5FFF-4CE5-A859-76616C4E3831}.Release|Any CPU.ActiveCfg = Release|Any CPU
		{CEDD0A26-5FFF-4CE5-A859-76616C4E3831}.Release|Any CPU.Build.0 = Release|Any CPU
		{CEDD0A26-5FFF-4CE5-A859-76616C4E3831}.Debug|iPhoneSimulator.ActiveCfg = Debug|Any CPU
		{CEDD0A26-5FFF-4CE5-A859-76616C4E3831}.Debug|iPhoneSimulator.Build.0 = Debug|Any CPU
		{CEDD0A26-5FFF-4CE5-A859-76616C4E3831}.Release|iPhoneSimulator.ActiveCfg = Release|Any CPU
		{CEDD0A26-5FFF-4CE5-A859-76616C4E3831}.Release|iPhoneSimulator.Build.0 = Release|Any CPU
		{CEDD0A26-5FFF-4CE5-A859-76616C4E3831}.Debug|iPhone.ActiveCfg = Debug|Any CPU
		{CEDD0A26-5FFF-4CE5-A859-76616C4E3831}.Debug|iPhone.Build.0 = Debug|Any CPU
		{CEDD0A26-5FFF-4CE5-A859-76616C4E3831}.Release|iPhone.ActiveCfg = Release|Any CPU
		{CEDD0A26-5FFF-4CE5-A859-76616C4E3831}.Release|iPhone.Build.0 = Release|Any CPU
		{1FE100A6-D8D3-4803-9FF9-8B1AAA569732}.Debug|Any CPU.ActiveCfg = Debug|iPhoneSimulator
		{1FE100A6-D8D3-4803-9FF9-8B1AAA569732}.Debug|Any CPU.Build.0 = Debug|iPhoneSimulator
		{1FE100A6-D8D3-4803-9FF9-8B1AAA569732}.Release|Any CPU.ActiveCfg = Release|iPhoneSimulator
		{1FE100A6-D8D3-4803-9FF9-8B1AAA569732}.Release|Any CPU.Build.0 = Release|iPhoneSimulator
		{1FE100A6-D8D3-4803-9FF9-8B1AAA569732}.Debug|iPhoneSimulator.ActiveCfg = Debug|iPhoneSimulator
		{1FE100A6-D8D3-4803-9FF9-8B1AAA569732}.Debug|iPhoneSimulator.Build.0 = Debug|iPhoneSimulator
		{1FE100A6-D8D3-4803-9FF9-8B1AAA569732}.Release|iPhoneSimulator.ActiveCfg = Release|iPhoneSimulator
		{1FE100A6-D8D3-4803-9FF9-8B1AAA569732}.Release|iPhoneSimulator.Build.0 = Release|iPhoneSimulator
		{1FE100A6-D8D3-4803-9FF9-8B1AAA569732}.Debug|iPhone.ActiveCfg = Debug|iPhone
		{1FE100A6-D8D3-4803-9FF9-8B1AAA569732}.Debug|iPhone.Build.0 = Debug|iPhone
		{1FE100A6-D8D3-4803-9FF9-8B1AAA569732}.Release|iPhone.ActiveCfg = Release|iPhone
		{1FE100A6-D8D3-4803-9FF9-8B1AAA569732}.Release|iPhone.Build.0 = Release|iPhone
		{BD1A5971-ABBA-46F0-B504-F76E1F5AAB9A}.Debug|Any CPU.ActiveCfg = Debug|Any CPU
		{BD1A5971-ABBA-46F0-B504-F76E1F5AAB9A}.Debug|Any CPU.Build.0 = Debug|Any CPU
		{BD1A5971-ABBA-46F0-B504-F76E1F5AAB9A}.Release|Any CPU.ActiveCfg = Release|Any CPU
		{BD1A5971-ABBA-46F0-B504-F76E1F5AAB9A}.Release|Any CPU.Build.0 = Release|Any CPU
		{BD1A5971-ABBA-46F0-B504-F76E1F5AAB9A}.Debug|iPhoneSimulator.ActiveCfg = Debug|Any CPU
		{BD1A5971-ABBA-46F0-B504-F76E1F5AAB9A}.Debug|iPhoneSimulator.Build.0 = Debug|Any CPU
		{BD1A5971-ABBA-46F0-B504-F76E1F5AAB9A}.Release|iPhoneSimulator.ActiveCfg = Release|Any CPU
		{BD1A5971-ABBA-46F0-B504-F76E1F5AAB9A}.Release|iPhoneSimulator.Build.0 = Release|Any CPU
		{BD1A5971-ABBA-46F0-B504-F76E1F5AAB9A}.Debug|iPhone.ActiveCfg = Debug|Any CPU
		{BD1A5971-ABBA-46F0-B504-F76E1F5AAB9A}.Debug|iPhone.Build.0 = Debug|Any CPU
		{BD1A5971-ABBA-46F0-B504-F76E1F5AAB9A}.Release|iPhone.ActiveCfg = Release|Any CPU
		{BD1A5971-ABBA-46F0-B504-F76E1F5AAB9A}.Release|iPhone.Build.0 = Release|Any CPU
	EndGlobalSection
EndGlobal
